github.com/TcM1911/evernote-sdk-golang v0.0.0-20180506223349-0986bec6d284 h1:jb30NG+N8QJoCaXuxfYtbdKNkr9gTXEeMBiq49Xe0WE=
github.com/TcM1911/evernote-sdk-golang v0.0.0-20180506223349-0986bec6d284/go.mod h1:+3fJRzoFaNmQtfnIUqllCNO+7/j3JhgfpG4mNG2vRRc=
github.com/apache/thrift v0.0.0-20161210005454-c3a3f653b66b h1:eu+EGh0WgjcnJgxHnKmCiw5ab4sW8RMzO1SZKurce5o=
github.com/apache/thrift v0.0.0-20161210005454-c3a3f653b66b/go.mod h1:cp2SuWMxlEZw2r+iP2GNCdIi4C1qmUzdZFSVb+bacwQ=
github.com/boltdb/bolt v1.3.2-0.20180302180052-fd01fc79c553 h1:JsFGvzmvh7HGD2Q56FkCtowlJyTJcesskDcqWMG0Zho=
github.com/boltdb/bolt v1.3.2-0.20180302180052-fd01fc79c553/go.mod h1:clJnj/oiGkjum5o1McbSZDSLxVThjynRyGBgiAx27Ps=
github.com/davecgh/go-spew v1.1.1 h1:vj9j/u1bqnvCEfJOwUhtlOARqs3+rkHYY13jYWTU97c=
github.com/davecgh/go-spew v1.1.1/go.mod h1:J7Y8YcW2NihsgmVo/mv3lAwl/skON4iLHjSsI+c5H38=
github.com/inconshreveable/mousetrap v1.0.0 h1:Z8tu5sraLXCXIcARxBp/8cbvlwVa7Z1NHg9XEKhtSvM=
github.com/inconshreveable/mousetrap v1.0.0/go.mod h1:PxqpIevigyE2G7u3NXJIT2ANytuPF1OarO4DADm73n8=
github.com/kr/pty v1.1.1/go.mod h1:pFQYn66WHrOpPYNljwOMqo10TkYh1fy3cYio2l3bCsQ=
github.com/kr/text v0.1.0 h1:45sCR5RtlFHMR4UwH9sdQ5TC8v0qDQCHnXt+kaKSTVE=
github.com/kr/text v0.1.0/go.mod h1:4Jbv+DJW3UT/LiOwJeYQe1efqtUx/iVham/4vfdArNI=
github.com/mattn/go-runewidth v0.0.3 h1:a+kO+98RDGEfo6asOGMmpodZq4FNtnGP54yps8BzLR4=
github.com/mattn/go-runewidth v0.0.3/go.mod h1:LwmH8dsx7+W8Uxz3IHJYH5QSwggIsqBzpuz5H//U1FU=
github.com/mattn/godown v0.0.0-20180312012330-2e9e17e0ea51 h1:MpI7hy3MiCnrggmZI/s8LaPbLVOOWpzDbjA4F+XaXaM=
github.com/mattn/godown v0.0.0-20180312012330-2e9e17e0ea51/go.mod h1:s3KUdOIXJ+jaGM++XHiXA6gikdleaWVATCcQGD4h734=
github.com/mrjones/oauth v0.0.0-20161024000904-88427e754deb h1:zVQDP5Q8/qaVhjES+BOpd/bS88PnnoPbY9t7nZH02eo=
github.com/mrjones/oauth v0.0.0-20161024000904-88427e754deb/go.mod h1:skjdDftzkFALcuGzYSklqYd8gvat6F1gZJ4YPVbkZpM=
github.com/niemeyer/pretty v0.0.0-20200227124842-a10e7caefd8e h1:fD57ERR4JtEqsWbfPhv4DMiApHyliiK5xCTNVSPiaAs=
github.com/niemeyer/pretty v0.0.0-20200227124842-a10e7caefd8e/go.mod h1:zD1mROLANZcx1PVRCS0qkT7pwLkGfwJo4zjcN/Tysno=
github.com/olekukonko/tablewriter v0.0.0-20180506121414-d4647c9c7a84 h1:fiKJgB4JDUd43CApkmCeTSQlWjtTtABrU2qsgbuP0BI=
github.com/olekukonko/tablewriter v0.0.0-20180506121414-d4647c9c7a84/go.mod h1:vsDQFd/mU46D+Z4whnwzcISnGGzXWMclvtLoiIKAKIo=
github.com/pmezard/go-difflib v1.0.0 h1:4DBwDE0NGyQoBHbLQYPwSUPoCMWR5BEzIk/f1lZbAQM=
github.com/pmezard/go-difflib v1.0.0/go.mod h1:iKH77koFhYxTK1pcRnkKkqfTogsbg7gZNVY4sRDYZ/4=
github.com/russross/blackfriday v0.0.0-20160124111256-006144af03ee h1:Wz89cQVQeu5MPMKT5sEr3d4XVVERM01iikSW5xCwDpc=
github.com/russross/blackfriday v0.0.0-20160124111256-006144af03ee/go.mod h1:JO/DiYxRf+HjHt06OyowR9PTA263kcR/rfWxYHBV53g=
github.com/satori/go.uuid v1.2.1-0.20181028125025-b2ce2384e17b h1:gQZ0qzfKHQIybLANtM3mBXNUtOfsCFXeTsnBqCsx1KM=
github.com/satori/go.uuid v1.2.1-0.20181028125025-b2ce2384e17b/go.mod h1:dA0hQrYB0VpLJoorglMZABFdXlWrHn1NEOzdhQKdks0=
github.com/shurcooL/sanitized_anchor_name v0.0.0-20151028001915-10ef21a441db h1:lrOUn8raSZS/V52c7elGaEyuogqSkEo/Qj2Auo2G1ik=
github.com/shurcooL/sanitized_anchor_name v0.0.0-20151028001915-10ef21a441db/go.mod h1:1NzhyTcUVG4SuEtjjoZeVRXNmyL/1OwPU0+IJeTBvfc=
github.com/spf13/cobra v0.0.0-20161116132053-9495bc009a56 h1:z69SCENDeO/uoIOmA+T9Blt1N2geI/TJIyNdQgp6rb4=
github.com/spf13/cobra v0.0.0-20161116132053-9495bc009a56/go.mod h1:1l0Ry5zgKvJasoi3XT1TypsSe7PqH0Sj9dhYf7v3XqQ=
github.com/spf13/pflag v0.0.0-20161024131444-5ccb023bc27d h1:cpV+7T5E6SXMwGmiItJzTK/37mX2aQj1uWCYWtO3q9U=
github.com/spf13/pflag v0.0.0-20161024131444-5ccb023bc27d/go.mod h1:DYY7MBk1bdzusC3SYhjObp+wFpr4gzcvqqNjLnInEg4=
github.com/stretchr/testify v1.1.4-0.20160305165446-6fe211e49392 h1:7ubzBW6wJ46nWdWvZQlDjtGTnupA4Z1dyHY9Xbhq3us=
github.com/stretchr/testify v1.1.4-0.20160305165446-6fe211e49392/go.mod h1:a8OnRcib4nhh0OaRAV+Yts87kKdq0PP7pXfy6kDkUVs=
golang.org/x/net v0.0.0-20180511174649-2491c5de3490 h1:0Q0ESa4hjqMAXX5fW/YoKX7MlU1fWzl2ZNJrv7Yo3ZE=
golang.org/x/net v0.0.0-20180511174649-2491c5de3490/go.mod h1:mL1N/T3taQHkDXs73rZJwtUhF3w3ftmwwsq0BUmARs4=
golang.org/x/sys v0.0.0-20200321134203-328b4cd54aae h1:3tcmuaB7wwSZtelmiv479UjUB+vviwABz7a133ZwOKQ=
golang.org/x/sys v0.0.0-20200321134203-328b4cd54aae/go.mod h1:h1NjWce9XRLGQEsW7wpKNCjG9DtNlClVuFLEZdDNbEs=
gopkg.in/check.v1 v1.0.0-20200227125254-8fa46927fb4f h1:BLraFXnmrev5lT+xlilqcH8XK9/i0At2xKjWk4p6zsU=
gopkg.in/check.v1 v1.0.0-20200227125254-8fa46927fb4f/go.mod h1:Co6ibVJAznAaIkqp8huTwlJQCZ016jof/cbN4VW5Yz0=
